# This file is @generated by PDM.
# It is not intended for manual editing.

[metadata]
groups = ["default", "dev"]
strategy = ["cross_platform"]
lock_version = "4.5.0"
content_hash = "sha256:20e48d070aea6fe119cbbc98d78384b9f6ad6acb2ab9ee34063d556caa378fbd"

[[metadata.targets]]
requires_python = ">=3.11"

[[package]]
name = "black"
version = "26.5.1"
requires_python = ">=3.10"
summary = "The uncompromising code formatter."
dependencies = [
    "click>=8.0.0",
    "mypy-extensions>=0.4.3",
    "packaging>=22.0",
    "pathspec>=1.0.0",
    "platformdirs>=2",
    "pytokens~=0.4.0",
    "tomli>=1.1.0; python_version < \"3.11\"",
    "typing-extensions>=4.0.1; python_version < \"3.11\"",
]
files = [
    {file = "black-26.5.1-cp311-cp311-macosx_10_9_x86_64.whl", hash = "sha256:96ae2c733b2aabdd9986e2c5df628ff3473676cd1c5faded1ff496cf6d74083c"},
    {file = "black-26.5.1-cp311-cp311-macosx_11_0_arm64.whl", hash = "sha256:0e48b87e03bf109288e55cfceadcfa15ff5470aca2851a851950ed2926f450d7"},
    {file = "black-26.5.1-cp311-cp311-manylinux2014_x86_64.manylinux_2_17_x86_64.manylinux_2_28_x86_64.whl", hash = "sha256:5119fa92ae61f786e8c3662fd60aece1d0a2dd5cca5d0c79417a95e7a4272a59"},
    {file = "black-26.5.1-cp311-cp311-win_amd64.whl", hash = "sha256:30d3c14661f2792e9142cce3eeeb1cbc175b3eb5f733be0c8eeb99651e52b0c3"},
    {file = "black-26.5.1-cp311-cp311-win_arm64.whl", hash = "sha256:1ef92b76f7733f282fd096ea406200b5a286c42947412b0eaff3a74e3616cefe"},
    {file = "black-26.5.1-cp312-cp312-macosx_10_13_x86_64.whl", hash = "sha256:4ad6fa01f941920f54f2bbb35f3df7673428a0ef98a0b0840c2eaef3b110efa8"},
    {file = "black-26.5.1-cp312-cp312-macosx_11_0_arm64.whl", hash = "sha256:3915f256e75a2d7cf88d8953d37f780455dc586cc72dee059c528fe77f581217"},
    {file = "black-26.5.1-cp312-cp312-manylinux2014_x86_64.manylinux_2_17_x86_64.manylinux_2_28_x86_64.whl", hash = "sha256:9d98d4137277c75dfb898ec8d846c4fd68ba1e9cf77f95e2865c203dc18f4c3d"},
    {file = "black-26.5.1-cp312-cp312-win_amd64.whl", hash = "sha256:a1dca32d9f1784af512a13410ec204c6f7f0aa9797a111c42e1c03449821c264"},
    {file = "black-26.5.1-cp312-cp312-win_arm64.whl", hash = "sha256:1037d5ac7b7b310b2632ad867ec8d0e4c4819dcdb0b820f63135da746a24e418"},
    {file = "black-26.5.1-cp313-cp313-macosx_10_13_x86_64.whl", hash = "sha256:2b36cf2ddf5566e205f6535f782a62194a184d33e175b64ae8c40b1737522be3"},
    {file = "black-26.5.1-cp313-cp313-macosx_11_0_arm64.whl", hash = "sha256:1f7ea64ebfa01b50f693508fc39f875e264446d3b097088f84f203b9d09618a0"},
    {file = "black-26.5.1-cp313-cp313-manylinux2014_x86_64.manylinux_2_17_x86_64.manylinux_2_28_x86_64.whl", hash = "sha256:ecb3e624844c798144e9bd986954e0adc81d8911a1f30f375e1252fe26e8c294"},
    {file = "black-26.5.1-cp313-cp313-win_amd64.whl", hash = "sha256:e1a26503279b6b310669fb0b219c39e4820b77e8189fe80f522bb511f247db0a"},
    {file = "black-26.5.1-cp313-cp313-win_arm64.whl", hash = "sha256:5c34b25da232ead53a6f335b76dbea124f4d152ad568b9080d6f944bc2b34b52"},
    {file = "black-26.5.1-cp314-cp314-macosx_10_15_x86_64.whl", hash = "sha256:e88976690a64b0af98312ca958415849cb42423423c5f2ee74af4b49a97a2168"},
    {file = "black-26.5.1-cp314-cp314-macosx_11_0_arm64.whl", hash = "sha256:32d5ea7f6c8bdfa6e648326ebca1f02b0764e2a029edc6f8dce2627e19d468c3"},
    {file = "black-26.5.1-cp314-cp314-manylinux2014_x86_64.manylinux_2_17_x86_64.manylinux_2_28_x86_64.whl", hash = "sha256:ea8d16dc41655aa113cd64665e7219446cd7e4ff2248d7178eaa905190c86b18"},
    {file = "black-26.5.1-cp314-cp314-win_amd64.whl", hash = "sha256:577f21094ea469ef92ec1adaf2c9441a226d2144d01a5be2fa823cecf6543e50"},
    {file = "black-26.5.1-cp314-cp314-win_arm64.whl", hash = "sha256:ed1a20af114c301a0269bf01163d51dbef72737fd65f850001e7cbe7f3c7abae"},
    {file = "black-26.5.1-py3-none-any.whl", hash = "sha256:4ed7f7da04046d2e488437170797d3b4a4ad83906683bcb7dfc68b673bbce5e2"},
    {file = "black-26.5.1.tar.gz", hash = "sha256:dd321f668053961824bcc1be1cc1df748b2d7e4fa28086b08331e577b0100a73"},
]

[[package]]
name = "certifi"
version = "2024.8.30"
requires_python = ">=3.6"
summary = "Python package for providing Mozilla's CA Bundle."
files = [
    {file = "certifi-2024.8.30-py3-none-any.whl", hash = "sha256:922820b53db7a7257ffbda3f597266d435245903d80737e34f8a45ff3e3230d8"},
    {file = "certifi-2024.8.30.tar.gz", hash = "sha256:bec941d2aa8195e248a60b31ff9f0558284cf01a52591ceda73ea9afffd69fd9"},
]

[[package]]
name = "charset-normalizer"
version = "3.4.0"
requires_python = ">=3.7.0"
summary = "The Real First Universal Charset Detector. Open, modern and actively maintained alternative to Chardet."
files = [
    {file = "charset_normalizer-3.4.0-cp311-cp311-macosx_10_9_universal2.whl", hash = "sha256:0d99dd8ff461990f12d6e42c7347fd9ab2532fb70e9621ba520f9e8637161d7c"},
    {file = "charset_normalizer-3.4.0-cp311-cp311-macosx_10_9_x86_64.whl", hash = "sha256:c57516e58fd17d03ebe67e181a4e4e2ccab1168f8c2976c6a334d4f819fe5944"},
    {file = "charset_normalizer-3.4.0-cp311-cp311-macosx_11_0_arm64.whl", hash = "sha256:6dba5d19c4dfab08e58d5b36304b3f92f3bd5d42c1a3fa37b5ba5cdf6dfcbcee"},
    {file = "charset_normalizer-3.4.0-cp311-cp311-manylinux_2_17_aarch64.manylinux2014_aarch64.whl", hash = "sha256:bf4475b82be41b07cc5e5ff94810e6a01f276e37c2d55571e3fe175e467a1a1c"},
    {file = "charset_normalizer-3.4.0-cp311-cp311-manylinux_2_17_ppc64le.manylinux2014_ppc64le.whl", hash = "sha256:ce031db0408e487fd2775d745ce30a7cd2923667cf3b69d48d219f1d8f5ddeb6"},
    {file = "charset_normalizer-3.4.0-cp311-cp311-manylinux_2_17_s390x.manylinux2014_s390x.whl", hash = "sha256:8ff4e7cdfdb1ab5698e675ca622e72d58a6fa2a8aa58195de0c0061288e6e3ea"},
    {file = "charset_normalizer-3.4.0-cp311-cp311-manylinux_2_17_x86_64.manylinux2014_x86_64.whl", hash = "sha256:3710a9751938947e6327ea9f3ea6332a09bf0ba0c09cae9cb1f250bd1f1549bc"},
    {file = "charset_normalizer-3.4.0-cp311-cp311-manylinux_2_5_i686.manylinux1_i686.manylinux_2_17_i686.manylinux2014_i686.whl", hash = "sha256:82357d85de703176b5587dbe6ade8ff67f9f69a41c0733cf2425378b49954de5"},
    {file = "charset_normalizer-3.4.0-cp311-cp311-musllinux_1_2_aarch64.whl", hash = "sha256:47334db71978b23ebcf3c0f9f5ee98b8d65992b65c9c4f2d34c2eaf5bcaf0594"},
    {file = "charset_normalizer-3.4.0-cp311-cp311-musllinux_1_2_i686.whl", hash = "sha256:8ce7fd6767a1cc5a92a639b391891bf1c268b03ec7e021c7d6d902285259685c"},
    {file = "charset_normalizer-3.4.0-cp311-cp311-musllinux_1_2_ppc64le.whl", hash = "sha256:f1a2f519ae173b5b6a2c9d5fa3116ce16e48b3462c8b96dfdded11055e3d6365"},
    {file = "charset_normalizer-3.4.0-cp311-cp311-musllinux_1_2_s390x.whl", hash = "sha256:63bc5c4ae26e4bc6be6469943b8253c0fd4e4186c43ad46e713ea61a0ba49129"},
    {file = "charset_normalizer-3.4.0-cp311-cp311-musllinux_1_2_x86_64.whl", hash = "sha256:bcb4f8ea87d03bc51ad04add8ceaf9b0f085ac045ab4d74e73bbc2dc033f0236"},
    {file = "charset_normalizer-3.4.0-cp311-cp311-win32.whl", hash = "sha256:9ae4ef0b3f6b41bad6366fb0ea4fc1d7ed051528e113a60fa2a65a9abb5b1d99"},
    {file = "charset_normalizer-3.4.0-cp311-cp311-win_amd64.whl", hash = "sha256:cee4373f4d3ad28f1ab6290684d8e2ebdb9e7a1b74fdc39e4c211995f77bec27"},
    {file = "charset_normalizer-3.4.0-cp312-cp312-macosx_10_13_universal2.whl", hash = "sha256:0713f3adb9d03d49d365b70b84775d0a0d18e4ab08d12bc46baa6132ba78aaf6"},
    {file = "charset_normalizer-3.4.0-cp312-cp312-macosx_10_13_x86_64.whl", hash = "sha256:de7376c29d95d6719048c194a9cf1a1b0393fbe8488a22008610b0361d834ecf"},
    {file = "charset_normalizer-3.4.0-cp312-cp312-macosx_11_0_arm64.whl", hash = "sha256:4a51b48f42d9358460b78725283f04bddaf44a9358197b889657deba38f329db"},
    {file = "charset_normalizer-3.4.0-cp312-cp312-manylinux_2_17_aarch64.manylinux2014_aarch64.whl", hash = "sha256:b295729485b06c1a0683af02a9e42d2caa9db04a373dc38a6a58cdd1e8abddf1"},
    {file = "charset_normalizer-3.4.0-cp312-cp312-manylinux_2_17_ppc64le.manylinux2014_ppc64le.whl", hash = "sha256:ee803480535c44e7f5ad00788526da7d85525cfefaf8acf8ab9a310000be4b03"},
    {file = "charset_normalizer-3.4.0-cp312-cp312-manylinux_2_17_s390x.manylinux2014_s390x.whl", hash = "sha256:3d59d125ffbd6d552765510e3f31ed75ebac2c7470c7274195b9161a32350284"},
    {file = "charset_normalizer-3.4.0-cp312-cp312-manylinux_2_17_x86_64.manylinux2014_x86_64.whl", hash = "sha256:8cda06946eac330cbe6598f77bb54e690b4ca93f593dee1568ad22b04f347c15"},
    {file = "charset_normalizer-3.4.0-cp312-cp312-manylinux_2_5_i686.manylinux1_i686.manylinux_2_17_i686.manylinux2014_i686.whl", hash = "sha256:07afec21bbbbf8a5cc3651aa96b980afe2526e7f048fdfb7f1014d84acc8b6d8"},
    {file = "charset_normalizer-3.4.0-cp312-cp312-musllinux_1_2_aarch64.whl", hash = "sha256:6b40e8d38afe634559e398cc32b1472f376a4099c75fe6299ae607e404c033b2"},
    {file = "charset_normalizer-3.4.0-cp312-cp312-musllinux_1_2_i686.whl", hash = "sha256:b8dcd239c743aa2f9c22ce674a145e0a25cb1566c495928440a181ca1ccf6719"},
    {file = "charset_normalizer-3.4.0-cp312-cp312-musllinux_1_2_ppc64le.whl", hash = "sha256:84450ba661fb96e9fd67629b93d2941c871ca86fc38d835d19d4225ff946a631"},
    {file = "charset_normalizer-3.4.0-cp312-cp312-musllinux_1_2_s390x.whl", hash = "sha256:44aeb140295a2f0659e113b31cfe92c9061622cadbc9e2a2f7b8ef6b1e29ef4b"},
    {file = "charset_normalizer-3.4.0-cp312-cp312-musllinux_1_2_x86_64.whl", hash = "sha256:1db4e7fefefd0f548d73e2e2e041f9df5c59e178b4c72fbac4cc6f535cfb1565"},
    {file = "charset_normalizer-3.4.0-cp312-cp312-win32.whl", hash = "sha256:5726cf76c982532c1863fb64d8c6dd0e4c90b6ece9feb06c9f202417a31f7dd7"},
    {file = "charset_normalizer-3.4.0-cp312-cp312-win_amd64.whl", hash = "sha256:b197e7094f232959f8f20541ead1d9862ac5ebea1d58e9849c1bf979255dfac9"},
    {file = "charset_normalizer-3.4.0-cp313-cp313-macosx_10_13_universal2.whl", hash = "sha256:dd4eda173a9fcccb5f2e2bd2a9f423d180194b1bf17cf59e3269899235b2a114"},
    {file = "charset_normalizer-3.4.0-cp313-cp313-macosx_10_13_x86_64.whl", hash = "sha256:e9e3c4c9e1ed40ea53acf11e2a386383c3304212c965773704e4603d589343ed"},
    {file = "charset_normalizer-3.4.0-cp313-cp313-macosx_11_0_arm64.whl", hash = "sha256:92a7e36b000bf022ef3dbb9c46bfe2d52c047d5e3f3343f43204263c5addc250"},
    {file = "charset_normalizer-3.4.0-cp313-cp313-manylinux_2_17_aarch64.manylinux2014_aarch64.whl", hash = "sha256:54b6a92d009cbe2fb11054ba694bc9e284dad30a26757b1e372a1fdddaf21920"},
    {file = "charset_normalizer-3.4.0-cp313-cp313-manylinux_2_17_ppc64le.manylinux2014_ppc64le.whl", hash = "sha256:1ffd9493de4c922f2a38c2bf62b831dcec90ac673ed1ca182fe11b4d8e9f2a64"},
    {file = "charset_normalizer-3.4.0-cp313-cp313-manylinux_2_17_s390x.manylinux2014_s390x.whl", hash = "sha256:35c404d74c2926d0287fbd63ed5d27eb911eb9e4a3bb2c6d294f3cfd4a9e0c23"},
    {file = "charset_normalizer-3.4.0-cp313-cp313-manylinux_2_17_x86_64.manylinux2014_x86_64.whl", hash = "sha256:4796efc4faf6b53a18e3d46343535caed491776a22af773f366534056c4e1fbc"},
    {file = "charset_normalizer-3.4.0-cp313-cp313-manylinux_2_5_i686.manylinux1_i686.manylinux_2_17_i686.manylinux2014_i686.whl", hash = "sha256:e7fdd52961feb4c96507aa649550ec2a0d527c086d284749b2f582f2d40a2e0d"},
    {file = "charset_normalizer-3.4.0-cp313-cp313-musllinux_1_2_aarch64.whl", hash = "sha256:92db3c28b5b2a273346bebb24857fda45601aef6ae1c011c0a997106581e8a88"},
    {file = "charset_normalizer-3.4.0-cp313-cp313-musllinux_1_2_i686.whl", hash = "sha256:ab973df98fc99ab39080bfb0eb3a925181454d7c3ac8a1e695fddfae696d9e90"},
    {file = "charset_normalizer-3.4.0-cp313-cp313-musllinux_1_2_ppc64le.whl", hash = "sha256:4b67fdab07fdd3c10bb21edab3cbfe8cf5696f453afce75d815d9d7223fbe88b"},
    {file = "charset_normalizer-3.4.0-cp313-cp313-musllinux_1_2_s390x.whl", hash = "sha256:aa41e526a5d4a9dfcfbab0716c7e8a1b215abd3f3df5a45cf18a12721d31cb5d"},
    {file = "charset_normalizer-3.4.0-cp313-cp313-musllinux_1_2_x86_64.whl", hash = "sha256:ffc519621dce0c767e96b9c53f09c5d215578e10b02c285809f76509a3931482"},
    {file = "charset_normalizer-3.4.0-cp313-cp313-win32.whl", hash = "sha256:f19c1585933c82098c2a520f8ec1227f20e339e33aca8fa6f956f6691b784e67"},
    {file = "charset_normalizer-3.4.0-cp313-cp313-win_amd64.whl", hash = "sha256:707b82d19e65c9bd28b81dde95249b07bf9f5b90ebe1ef17d9b57473f8a64b7b"},
    {file = "charset_normalizer-3.4.0-py3-none-any.whl", hash = "sha256:fe9f97feb71aa9896b81973a7bbada8c49501dc73e58a10fcef6663af95e5079"},
    {file = "charset_normalizer-3.4.0.tar.gz", hash = "sha256:223217c3d4f82c3ac5e29032b3f1c2eb0fb591b72161f86d93f5719079dae93e"},
]

[[package]]
name = "click"
version = "8.1.7"
requires_python = ">=3.7"
summary = "Composable command line interface toolkit"
dependencies = [
    "colorama; platform_system == \"Windows\"",
    "importlib-metadata; python_version < \"3.8\"",
]
files = [
    {file = "click-8.1.7-py3-none-any.whl", hash = "sha256:ae74fb96c20a0277a1d615f1e4d73c8414f5a98db8b799a7931d1582f3390c28"},
    {file = "click-8.1.7.tar.gz", hash = "sha256:ca9853ad459e787e2192211578cc907e7594e294c7ccc834310722b41b9ca6de"},
]

[[package]]
name = "colorama"
version = "0.4.6"
requires_python = "!=3.0.*,!=3.1.*,!=3.2.*,!=3.3.*,!=3.4.*,!=3.5.*,!=3.6.*,>=2.7"
summary = "Cross-platform colored terminal text."
files = [
    {file = "colorama-0.4.6-py2.py3-none-any.whl", hash = "sha256:4f1d9991f5acc0ca119f9d443620b77f9d6b33703e51011c16baf57afb285fc6"},
    {file = "colorama-0.4.6.tar.gz", hash = "sha256:08695f5cb7ed6e0531a20572697297273c47b8cae5a63ffc6d6ed5c201be6e44"},
]

[[package]]
name = "coverage"
version = "7.14.0"
requires_python = ">=3.10"
summary = "Code coverage measurement for Python"
files = [
    {file = "coverage-7.14.0-cp311-cp311-macosx_10_9_x86_64.whl", hash = "sha256:6a78e2a9d9c5e3b8d4ab9b9d28c985ea66fced0a7d7c2aec1f216e03a2011480"},
    {file = "coverage-7.14.0-cp311-cp311-macosx_11_0_arm64.whl", hash = "sha256:a1816c505187592dcd1c5a5f226601a549f70365fbd00930ac88b0c225b76bb4"},
    {file = "coverage-7.14.0-cp311-cp311-manylinux1_i686.manylinux_2_28_i686.manylinux_2_5_i686.whl", hash = "sha256:d8e1762f0e9cbc26ec315471e7b47855218e833cd5a032d706fbf43845d878c7"},
    {file = "coverage-7.14.0-cp311-cp311-manylinux1_x86_64.manylinux_2_28_x86_64.manylinux_2_5_x86_64.whl", hash = "sha256:9336e23e8bb3a3925398261385e2a1533957d3e760e91070dcb0e98bfa514eed"},
    {file = "coverage-7.14.0-cp311-cp311-manylinux2014_aarch64.manylinux_2_17_aarch64.manylinux_2_28_aarch64.whl", hash = "sha256:9cd1169b2230f9cbe9c638ba38022ed7a2b1e641cc07f7cea0365e4be2a74980"},
    {file = "coverage-7.14.0-cp311-cp311-manylinux2014_ppc64le.manylinux_2_17_ppc64le.manylinux_2_28_ppc64le.whl", hash = "sha256:d1bb3543b58fea74d2cd1abc4054cc927e4724687cb4560cd2ed88d2c7d820c0"},
    {file = "coverage-7.14.0-cp311-cp311-manylinux_2_31_riscv64.manylinux_2_39_riscv64.whl", hash = "sha256:a93bac2cb577ef60074999ed56d8a1535894398e2ed920d4185c3ec0c8864742"},
    {file = "coverage-7.14.0-cp311-cp311-musllinux_1_2_aarch64.whl", hash = "sha256:5904abf7e18cddc463219b17552229650c6b79e061d31a1059283051169cf7d5"},
    {file = "coverage-7.14.0-cp311-cp311-musllinux_1_2_i686.whl", hash = "sha256:741f57cddc9004a8c81b084660215f33a6b597dbe62c31386b983ee26310e327"},
    {file = "coverage-7.14.0-cp311-cp311-musllinux_1_2_ppc64le.whl", hash = "sha256:664123feb0929d7affc135717dbd70d61d98688a08ab1e5ba464739620c6252d"},
    {file = "coverage-7.14.0-cp311-cp311-musllinux_1_2_riscv64.whl", hash = "sha256:c83d2399a51bbec8429266905d33616f04bc5726b1138c35844d5fcd896b2e20"},
    {file = "coverage-7.14.0-cp311-cp311-musllinux_1_2_x86_64.whl", hash = "sha256:bcb2e855b87321259a037429288ae85216d191c74de3e79bf57cd2bc0761992c"},
    {file = "coverage-7.14.0-cp311-cp311-win32.whl", hash = "sha256:731dc15b385ac52289743d476245b61e1a2927e803bef655b52bc3b2a75a21f3"},
    {file = "coverage-7.14.0-cp311-cp311-win_amd64.whl", hash = "sha256:bfb0ed8ec5d25e93face268115d7964db9df8b9aae8edcde9ec6b16c726a7cc1"},
    {file = "coverage-7.14.0-cp311-cp311-win_arm64.whl", hash = "sha256:7ebb1c6df9f78046a1b1e0a89674cd4bf73b7c648914eebcf976a57fd99a5627"},
    {file = "coverage-7.14.0-cp312-cp312-macosx_10_13_x86_64.whl", hash = "sha256:7ffd19fc8aed057fd686a17a4935eef5f9859d69208f96310e893e64b9b6ccf5"},
    {file = "coverage-7.14.0-cp312-cp312-macosx_11_0_arm64.whl", hash = "sha256:829994cfe1aeb773ca27bf246d4badc1e764893e3bfb98fff820fcecd1ca4662"},
    {file = "coverage-7.14.0-cp312-cp312-manylinux1_i686.manylinux_2_28_i686.manylinux_2_5_i686.whl", hash = "sha256:b4f07cf7edcb7ec39431a5074d7ea83b29a9f71fcfc494f0f40af4e65180420f"},
    {file = "coverage-7.14.0-cp312-cp312-manylinux1_x86_64.manylinux_2_28_x86_64.manylinux_2_5_x86_64.whl", hash = "sha256:ca3d9cf2c32b521bd9518385608787fa86f38daf993695307531822c3430ed67"},
    {file = "coverage-7.14.0-cp312-cp312-manylinux2014_aarch64.manylinux_2_17_aarch64.manylinux_2_28_aarch64.whl", hash = "sha256:92af52828e7f29d827346b0294e5a0853fa206db77db0395b282918d41e28db9"},
    {file = "coverage-7.14.0-cp312-cp312-manylinux2014_ppc64le.manylinux_2_17_ppc64le.manylinux_2_28_ppc64le.whl", hash = "sha256:7b2bb6c9d7e769360d0f20a0f219603fd64f0c8f97de17ab25853261602be0fb"},
    {file = "coverage-7.14.0-cp312-cp312-manylinux_2_31_riscv64.manylinux_2_39_riscv64.whl", hash = "sha256:1c9ed6ef99f88fb8c14aa8e2bf8eb0fe55fa2edfea68f8675d78741df1a5ac0e"},
    {file = "coverage-7.14.0-cp312-cp312-musllinux_1_2_aarch64.whl", hash = "sha256:8231ade007f37959fbf58acc677f26b922c02eda6f0428ea307da0fd39681bf3"},
    {file = "coverage-7.14.0-cp312-cp312-musllinux_1_2_i686.whl", hash = "sha256:d8b013632cc1ce1d09dbe4f32667b4d320ec2f54fc326ebeffcd0b0bcc2bb6c4"},
    {file = "coverage-7.14.0-cp312-cp312-musllinux_1_2_ppc64le.whl", hash = "sha256:1733198802d71ec4c524f322e2867ee05c62e9e75df86bdca545407a221827d1"},
    {file = "coverage-7.14.0-cp312-cp312-musllinux_1_2_riscv64.whl", hash = "sha256:72a305291fa8ee01332f1aaf38b348ca34097f6aa0b0ef627eef2837e57bbba5"},
    {file = "coverage-7.14.0-cp312-cp312-musllinux_1_2_x86_64.whl", hash = "sha256:fcaba850dd317c65423a9d63d88f9573c53b00354d6dd95724576cc98a131595"},
    {file = "coverage-7.14.0-cp312-cp312-win32.whl", hash = "sha256:5ac83957a80d0701310e96d8bec68cdcf4f90a7674b7d13f15a344315b41ab27"},
    {file = "coverage-7.14.0-cp312-cp312-win_amd64.whl", hash = "sha256:70390b0da32cb90b501953716302906e8bcce087cb283e70d8c97729f22e92b2"},
    {file = "coverage-7.14.0-cp312-cp312-win_arm64.whl", hash = "sha256:91b993743d959b8be85b4abf9d5478216a69329c321efe5be0433c1a841d691d"},
    {file = "coverage-7.14.0-cp313-cp313-macosx_10_13_x86_64.whl", hash = "sha256:f2bbb8254370eb4c628ff3d6fa8a7f74ddc40565394d4f7ab791d1fe568e37ef"},
    {file = "coverage-7.14.0-cp313-cp313-macosx_11_0_arm64.whl", hash = "sha256:23b81107f46d3f21d0cbce30664fcec0f5d9f585638a67081750f99738f6bf66"},
    {file = "coverage-7.14.0-cp313-cp313-manylinux1_i686.manylinux_2_28_i686.manylinux_2_5_i686.whl", hash = "sha256:22a7e06a5f11a757cdfe79018e9095f9f69ae283c5cd8123774c788deec8717b"},
    {file = "coverage-7.14.0-cp313-cp313-manylinux1_x86_64.manylinux_2_28_x86_64.manylinux_2_5_x86_64.whl", hash = "sha256:9d1aa57a1dc8e05bdc42e81c5d671d849577aeedf279f4c449d6d286f9ed88ca"},
    {file = "coverage-7.14.0-cp313-cp313-manylinux2014_aarch64.manylinux_2_17_aarch64.manylinux_2_28_aarch64.whl", hash = "sha256:90c1a51bcfddf645b3bb7ec333d9e94393a8e94f55642380fa8a9a5a9e636cb7"},
    {file = "coverage-7.14.0-cp313-cp313-manylinux2014_ppc64le.manylinux_2_17_ppc64le.manylinux_2_28_ppc64le.whl", hash = "sha256:a841fae2fadcae4f438d43b6ccc4aac2ad609f47cdb6cfdce60cbb3fe5ca7bc2"},
    {file = "coverage-7.14.0-cp313-cp313-manylinux_2_31_riscv64.manylinux_2_39_riscv64.whl", hash = "sha256:c79d2319cabef1fe8e86df73371126931550804738f78ad7d31e3aad85a67367"},
    {file = "coverage-7.14.0-cp313-cp313-musllinux_1_2_aarch64.whl", hash = "sha256:1b23b0c6f0b1db6ad769b7050c8b641c0bf215ded26c1816955b17b7f26edfa9"},
    {file = "coverage-7.14.0-cp313-cp313-musllinux_1_2_i686.whl", hash = "sha256:55d3089079ce181a4566b1065ab28d2575eb76d8ac8f81f4fcda2bf037fee087"},
    {file = "coverage-7.14.0-cp313-cp313-musllinux_1_2_ppc64le.whl", hash = "sha256:49c005cba1e2f9677fb2845dcdf9a2e72a52a17d63e8231aaaae35d9f50215ef"},
    {file = "coverage-7.14.0-cp313-cp313-musllinux_1_2_riscv64.whl", hash = "sha256:9117377b823daa28aa8635fbb08cda1cd6be3d7143257345459559aeef852d52"},
    {file = "coverage-7.14.0-cp313-cp313-musllinux_1_2_x86_64.whl", hash = "sha256:7b79d646cf46d5cf9a9f40281d4441df5849e445726e369006d2b117710b33fe"},
    {file = "coverage-7.14.0-cp313-cp313-win32.whl", hash = "sha256:fb609b3658479e33f9516d46f1a89dbb9b6c261366e3a11844a96ec487533dae"},
    {file = "coverage-7.14.0-cp313-cp313-win_amd64.whl", hash = "sha256:0773d8329cf32b6fd222e4b52622c61fe8d503eb966cfc8d3c3c10c96266d50e"},
    {file = "coverage-7.14.0-cp313-cp313-win_arm64.whl", hash = "sha256:b4e26a0f1b696faf283bffe5b8569e44e336c582439df5d53281ab89ee0cba96"},
    {file = "coverage-7.14.0-cp313-cp313t-macosx_10_13_x86_64.whl", hash = "sha256:953f521ca9445300397e65fda3dca58b2dbd68fee983777420b57ac3c77e9f90"},
    {file = "coverage-7.14.0-cp313-cp313t-macosx_11_0_arm64.whl", hash = "sha256:98af83fd65ae24b1fdd03aaead967a9f523bcd2f1aab2d4f3ffda65bb568a6f1"},
    {file = "coverage-7.14.0-cp313-cp313t-manylinux1_i686.manylinux_2_28_i686.manylinux_2_5_i686.whl", hash = "sha256:668b92e6958c4db7cf92e81caac328dfbbdbb215db2850ad28f0cbe1eea0bfbd"},
    {file = "coverage-7.14.0-cp313-cp313t-manylinux1_x86_64.manylinux_2_28_x86_64.manylinux_2_5_x86_64.whl", hash = "sha256:9fbd898551762dea00d3fef2b1c4f99afd2c6a3ff952ea07d60a9bd5ed4f34bc"},
    {file = "coverage-7.14.0-cp313-cp313t-manylinux2014_aarch64.manylinux_2_17_aarch64.manylinux_2_28_aarch64.whl", hash = "sha256:68af363c07ecd8d4b7d4043d85cb376d7d227eceb54e5323ee45da73dbd3e426"},
    {file = "coverage-7.14.0-cp313-cp313t-manylinux2014_ppc64le.manylinux_2_17_ppc64le.manylinux_2_28_ppc64le.whl", hash = "sha256:6e57054a583da8ac55edf24117ea4c9133032cfc4cf72aa2d48c1e5d4b52f899"},
    {file = "coverage-7.14.0-cp313-cp313t-manylinux_2_31_riscv64.manylinux_2_39_riscv64.whl", hash = "sha256:cc3499459bbcdd51a65b64c35ab7ed2764eaf3cba826e0df3f1d7fe2e102b70b"},
    {file = "coverage-7.14.0-cp313-cp313t-musllinux_1_2_aarch64.whl", hash = "sha256:45899ec2138a4346ed34d601dedf5076fb74edf2d1dd9dc76a78e82397edee90"},
    {file = "coverage-7.14.0-cp313-cp313t-musllinux_1_2_i686.whl", hash = "sha256:8767486808c436f05b23ab98eb963fb29185e32a9357a166971685cb3459900f"},
    {file = "coverage-7.14.0-cp313-cp313t-musllinux_1_2_ppc64le.whl", hash = "sha256:a3b5ddfd6aa7ddad53ee3edb231e88a2151507a43229b7d71b953916deca127d"},
    {file = "coverage-7.14.0-cp313-cp313t-musllinux_1_2_riscv64.whl", hash = "sha256:63df0fe568e698e1045792399f8ab6da3a6c2dce3182813fb92afa2641087b47"},
    {file = "coverage-7.14.0-cp313-cp313t-musllinux_1_2_x86_64.whl", hash = "sha256:827d6397dbd95144939b18f89edf31f63e1f99633e8d5f32f22ba8bdda567477"},
    {file = "coverage-7.14.0-cp313-cp313t-win32.whl", hash = "sha256:7bf43e000d24012599b879791cff41589af90674722421ef11b11a5431920bab"},
    {file = "coverage-7.14.0-cp313-cp313t-win_amd64.whl", hash = "sha256:3f5549365af25d770e06b1f8f5682d9a5637d06eb494db91c6fa75d3950cc917"},
    {file = "coverage-7.14.0-cp313-cp313t-win_arm64.whl", hash = "sha256:6d160217ec6fe890f16ad3a9531761589443749e448f91986c972714fad361c8"},
    {file = "coverage-7.14.0-cp314-cp314-macosx_10_15_x86_64.whl", hash = "sha256:9aed9fa983514ca032790f3fe0d1c0e42ca7e16b42432af1706b50a9a46bef5d"},
    {file = "coverage-7.14.0-cp314-cp314-macosx_11_0_arm64.whl", hash = "sha256:ba3b8390db29296dbbf49e91b6fe08f990743a90c8f447ba4c2ffc29670dfa63"},
    {file = "coverage-7.14.0-cp314-cp314-manylinux1_i686.manylinux_2_28_i686.manylinux_2_5_i686.whl", hash = "sha256:3a5d8e876dfa2f102e970b183863d6dedd023d3c0eeca1fe7a9787bc5f28b212"},
    {file = "coverage-7.14.0-cp314-cp314-manylinux1_x86_64.manylinux_2_28_x86_64.manylinux_2_5_x86_64.whl", hash = "sha256:5ebb8f4614a3787d567e610bbfdf96a4798dd69a1afb1bd8ad228d4111fe6ff3"},
    {file = "coverage-7.14.0-cp314-cp314-manylinux2014_aarch64.manylinux_2_17_aarch64.manylinux_2_28_aarch64.whl", hash = "sha256:6b9bf47223dd8db3d4c4b2e443b02bace480d428f0822c3f991600448a176c97"},
    {file = "coverage-7.14.0-cp314-cp314-manylinux2014_ppc64le.manylinux_2_17_ppc64le.manylinux_2_28_ppc64le.whl", hash = "sha256:3485a836550b303d006d57cc06e3d5afaabc642c77050b7c985a97b13e3776b8"},
    {file = "coverage-7.14.0-cp314-cp314-manylinux_2_31_riscv64.manylinux_2_39_riscv64.whl", hash = "sha256:3e7e88110bae996d199d1693ca8ec3fd52441d426401ae963437598667b4c5eb"},
    {file = "coverage-7.14.0-cp314-cp314-musllinux_1_2_aarch64.whl", hash = "sha256:15228a6800ce7bdf1b74800595e56db7138cecb338fdbf044806e10dcf182dfe"},
    {file = "coverage-7.14.0-cp314-cp314-musllinux_1_2_i686.whl", hash = "sha256:9d26ac7f5398bafc5b57421ad994e8a4749e8a7a0e62d05ec7d53014d5963bfa"},
    {file = "coverage-7.14.0-cp314-cp314-musllinux_1_2_ppc64le.whl", hash = "sha256:2fb73254ff43c911c967a899e1359bc5049b4b115d6e8fbdde4937d0a2246cd5"},
    {file = "coverage-7.14.0-cp314-cp314-musllinux_1_2_riscv64.whl", hash = "sha256:454a380af72c6adada298ed270d38c7a391288198dbfb8467f786f588751a90c"},
    {file = "coverage-7.14.0-cp314-cp314-musllinux_1_2_x86_64.whl", hash = "sha256:65c86fb646d2bd2972e96bd1a8b45817ed907cee68655d6295fe7ec031d04cca"},
    {file = "coverage-7.14.0-cp314-cp314-win32.whl", hash = "sha256:6a6516b02a6101398e19a3f44820f69bab2590697f7def4331f668b14adaf828"},
    {file = "coverage-7.14.0-cp314-cp314-win_amd64.whl", hash = "sha256:45e0f79d8351fa76e256716df91eab12890d32678b9590df7ae1042e4bd4cf5d"},
    {file = "coverage-7.14.0-cp314-cp314-win_arm64.whl", hash = "sha256:4b899594a8b2d81e5cc064a0d7f9cac2081fed91049456cae7676787e41549c9"},
    {file = "coverage-7.14.0-cp314-cp314t-macosx_10_15_x86_64.whl", hash = "sha256:f580f8c80acd94ac72e863efe2cab791d8c38d153e0b463b92dfa000d5c84cd1"},
    {file = "coverage-7.14.0-cp314-cp314t-macosx_11_0_arm64.whl", hash = "sha256:a2bd259c442cd43c49b30fbafc51776eb19ea396faf159d26a83e6a0a5f13b0c"},
    {file = "coverage-7.14.0-cp314-cp314t-manylinux1_i686.manylinux_2_28_i686.manylinux_2_5_i686.whl", hash = "sha256:a706b908dfa85538863504c624b237a3cc34232bf403c057414ebfdb3b4d9f84"},
    {file = "coverage-7.14.0-cp314-cp314t-manylinux1_x86_64.manylinux_2_28_x86_64.manylinux_2_5_x86_64.whl", hash = "sha256:7333cd944ee4393b9b3d3c1b598c936d4fc8d70573a4c7dacfec5590dd50e436"},
    {file = "coverage-7.14.0-cp314-cp314t-manylinux2014_aarch64.manylinux_2_17_aarch64.manylinux_2_28_aarch64.whl", hash = "sha256:0f162bc9a15b82d947b02651b0c7e1609d6f7a8735ca330cfadec8481dd97d5a"},
    {file = "coverage-7.14.0-cp314-cp314t-manylinux2014_ppc64le.manylinux_2_17_ppc64le.manylinux_2_28_ppc64le.whl", hash = "sha256:362cb78e01a5dc82009d88004cf60f2e6b6d6fcbfdec05b05af73b0abf40118f"},
    {file = "coverage-7.14.0-cp314-cp314t-manylinux_2_31_riscv64.manylinux_2_39_riscv64.whl", hash = "sha256:acebd068fca5512c3a6fde9c045f901613478781a73f0e82b307b214daef23fb"},
    {file = "coverage-7.14.0-cp314-cp314t-musllinux_1_2_aarch64.whl", hash = "sha256:29fe3da551dface75deb2ccbf87b6b66e2e7ef38f6d89050b428be94afff3490"},
    {file = "coverage-7.14.0-cp314-cp314t-musllinux_1_2_i686.whl", hash = "sha256:b4cc4fce8672fffcb09b0eafc167b396b3ba53c4a7230f54b7aaffbf6c835fa9"},
    {file = "coverage-7.14.0-cp314-cp314t-musllinux_1_2_ppc64le.whl", hash = "sha256:5d4a51aad8ba8bdcd2b8bd8f03d4aca19693fa2327a3470e4718a25b03481020"},
    {file = "coverage-7.14.0-cp314-cp314t-musllinux_1_2_riscv64.whl", hash = "sha256:9f323af3e1e4f68b60b7b247e37b8515563a61375518fa59de1af48ba28a3db6"},
    {file = "coverage-7.14.0-cp314-cp314t-musllinux_1_2_x86_64.whl", hash = "sha256:1a0abc7342ea9711c469dd8b821c6c311e6bc6aac1442e5fbd6b27fae0a8f3db"},
    {file = "coverage-7.14.0-cp314-cp314t-win32.whl", hash = "sha256:a9f864ef57b7172e2db87a096642dd51e179e085ab6b2c371c29e885f65c8fb2"},
    {file = "coverage-7.14.0-cp314-cp314t-win_amd64.whl", hash = "sha256:29943e552fdc08e082eb51400fb2f58e118a83b5542bd06531214e084399b644"},
    {file = "coverage-7.14.0-cp314-cp314t-win_arm64.whl", hash = "sha256:742a73ea621953b012f2c4c2219b512180dd84489acf5b1596b0aafc55b9100b"},
    {file = "coverage-7.14.0-py3-none-any.whl", hash = "sha256:8de5b61163aee3d05c8a2beab6f47913df7981dad1baf82c414d99158c286ab1"},
    {file = "coverage-7.14.0.tar.gz", hash = "sha256:057a6af2f160a85384cde4ab36f0d2777bae1057bae255f95413cdd382aa5c74"},
]

[[package]]
name = "idna"
version = "3.10"
requires_python = ">=3.6"
summary = "Internationalized Domain Names in Applications (IDNA)"
files = [
    {file = "idna-3.10-py3-none-any.whl", hash = "sha256:946d195a0d259cbba61165e88e65941f16e9b36ea6ddb97f00452bae8b1287d3"},
    {file = "idna-3.10.tar.gz", hash = "sha256:12f65c9b470abda6dc35cf8e63cc574b1c52b11df2c86030af0ac09b01b13ea9"},
]

[[package]]
name = "iniconfig"
version = "2.0.0"
requires_python = ">=3.7"
summary = "brain-dead simple config-ini parsing"
files = [
    {file = "iniconfig-2.0.0-py3-none-any.whl", hash = "sha256:b6a85871a79d2e3b22d2d1b94ac2824226a63c6b741c88f7ae975f18b6778374"},
    {file = "iniconfig-2.0.0.tar.gz", hash = "sha256:2d91e135bf72d31a410b17c16da610a82cb55f6b0477d1a902134b24a455b8b3"},
]

[[package]]
name = "isort"
version = "8.0.1"
requires_python = ">=3.10.0"
summary = "A Python utility / library to sort Python imports."
files = [
    {file = "isort-8.0.1-py3-none-any.whl", hash = "sha256:28b89bc70f751b559aeca209e6120393d43fbe2490de0559662be7a9787e3d75"},
    {file = "isort-8.0.1.tar.gz", hash = "sha256:171ac4ff559cdc060bcfff550bc8404a486fee0caab245679c2abe7cb253c78d"},
]

[[package]]
name = "mypy-extensions"
version = "1.0.0"
requires_python = ">=3.5"
summary = "Type system extensions for programs checked with the mypy type checker."
files = [
    {file = "mypy_extensions-1.0.0-py3-none-any.whl", hash = "sha256:4392f6c0eb8a5668a69e23d168ffa70f0be9ccfd32b5cc2d26a34ae5b844552d"},
    {file = "mypy_extensions-1.0.0.tar.gz", hash = "sha256:75dbf8955dc00442a438fc4d0666508a9a97b6bd41aa2f0ffe9d2f2725af0782"},
]

[[package]]
name = "packaging"
version = "24.1"
requires_python = ">=3.8"
summary = "Core utilities for Python packages"
files = [
    {file = "packaging-24.1-py3-none-any.whl", hash = "sha256:5b8f2217dbdbd2f7f384c41c628544e6d52f2d0f53c6d0c3ea61aa5d1d7ff124"},
    {file = "packaging-24.1.tar.gz", hash = "sha256:026ed72c8ed3fcce5bf8950572258698927fd1dbda10a5e981cdf0ac37f4f002"},
]

[[package]]
name = "pathspec"
version = "1.1.1"
requires_python = ">=3.9"
summary = "Utility library for gitignore style pattern matching of file paths."
files = [
    {file = "pathspec-1.1.1-py3-none-any.whl", hash = "sha256:a00ce642f577bf7f473932318056212bc4f8bfdf53128c78bbd5af0b9b20b189"},
    {file = "pathspec-1.1.1.tar.gz", hash = "sha256:17db5ecd524104a120e173814c90367a96a98d07c45b2e10c2f3919fff91bf5a"},
]

[[package]]
name = "platformdirs"
version = "4.3.6"
requires_python = ">=3.8"
summary = "A small Python package for determining appropriate platform-specific dirs, e.g. a `user data dir`."
files = [
    {file = "platformdirs-4.3.6-py3-none-any.whl", hash = "sha256:73e575e1408ab8103900836b97580d5307456908a03e92031bab39e4554cc3fb"},
    {file = "platformdirs-4.3.6.tar.gz", hash = "sha256:357fb2acbc885b0419afd3ce3ed34564c13c9b95c89360cd9563f73aa5e2b907"},
]

[[package]]
name = "pluggy"
version = "1.5.0"
requires_python = ">=3.8"
summary = "plugin and hook calling mechanisms for python"
files = [
    {file = "pluggy-1.5.0-py3-none-any.whl", hash = "sha256:44e1ad92c8ca002de6377e165f3e0f1be63266ab4d554740532335b9d75ea669"},
    {file = "pluggy-1.5.0.tar.gz", hash = "sha256:2cffa88e94fdc978c4c574f15f9e59b7f4201d439195c3715ca9e2486f1d0cf1"},
]

[[package]]
name = "prometheus-client"
version = "0.25.0"
requires_python = ">=3.9"
summary = "Python client for the Prometheus monitoring system."
files = [
    {file = "prometheus_client-0.25.0-py3-none-any.whl", hash = "sha256:d5aec89e349a6ec230805d0df882f3807f74fd6c1a2fa86864e3c2279059fed1"},
    {file = "prometheus_client-0.25.0.tar.gz", hash = "sha256:5e373b75c31afb3c86f1a52fa1ad470c9aace18082d39ec0d2f918d11cc9ba28"},
]

[[package]]
name = "pygments"
version = "2.20.0"
requires_python = ">=3.9"
summary = "Pygments is a syntax highlighting package written in Python."
files = [
    {file = "pygments-2.20.0-py3-none-any.whl", hash = "sha256:81a9e26dd42fd28a23a2d169d86d7ac03b46e2f8b59ed4698fb4785f946d0176"},
    {file = "pygments-2.20.0.tar.gz", hash = "sha256:6757cd03768053ff99f3039c1a36d6c0aa0b263438fcab17520b30a303a82b5f"},
]

[[package]]
name = "pytest"
version = "9.0.3"
requires_python = ">=3.10"
summary = "pytest: simple powerful testing with Python"
dependencies = [
    "colorama>=0.4; sys_platform == \"win32\"",
    "exceptiongroup>=1; python_version < \"3.11\"",
    "iniconfig>=1.0.1",
    "packaging>=22",
    "pluggy<2,>=1.5",
    "pygments>=2.7.2",
    "tomli>=1; python_version < \"3.11\"",
]
files = [
    {file = "pytest-9.0.3-py3-none-any.whl", hash = "sha256:2c5efc453d45394fdd706ade797c0a81091eccd1d6e4bccfcd476e2b8e0ab5d9"},
    {file = "pytest-9.0.3.tar.gz", hash = "sha256:b86ada508af81d19edeb213c681b1d48246c1a91d304c6c81a427674c17eb91c"},
]

[[package]]
name = "python-json-logger"
version = "4.1.0"
requires_python = ">=3.10"
summary = "JSON Log Formatter for the Python Logging Package"
files = [
    {file = "python_json_logger-4.1.0-py3-none-any.whl", hash = "sha256:132994765cf75bf44554be9aa49b06ef2345d23661a96720262716438141b6b2"},
    {file = "python_json_logger-4.1.0.tar.gz", hash = "sha256:b396b9e3ed782b09ff9d6e4f1683d46c83ad0d35d2e407c09a9ebbf038f88195"},
]

[[package]]
name = "pytokens"
version = "0.4.1"
requires_python = ">=3.8"
summary = "A Fast, spec compliant Python 3.14+ tokenizer that runs on older Pythons."
files = [
    {file = "pytokens-0.4.1-cp311-cp311-macosx_11_0_arm64.whl", hash = "sha256:d70e77c55ae8380c91c0c18dea05951482e263982911fc7410b1ffd1dadd3440"},
    {file = "pytokens-0.4.1-cp311-cp311-manylinux2014_aarch64.manylinux_2_17_aarch64.manylinux_2_28_aarch64.whl", hash = "sha256:4a58d057208cb9075c144950d789511220b07636dd2e4708d5645d24de666bdc"},
    {file = "pytokens-0.4.1-cp311-cp311-manylinux2014_x86_64.manylinux_2_17_x86_64.manylinux_2_28_x86_64.whl", hash = "sha256:b49750419d300e2b5a3813cf229d4e5a4c728dae470bcc89867a9ad6f25a722d"},
    {file = "pytokens-0.4.1-cp311-cp311-musllinux_1_2_x86_64.whl", hash = "sha256:d9907d61f15bf7261d7e775bd5d7ee4d2930e04424bab1972591918497623a16"},
    {file = "pytokens-0.4.1-cp311-cp311-win_amd64.whl", hash = "sha256:ee44d0f85b803321710f9239f335aafe16553b39106384cef8e6de40cb4ef2f6"},
    {file = "pytokens-0.4.1-cp312-cp312-macosx_11_0_arm64.whl", hash = "sha256:140709331e846b728475786df8aeb27d24f48cbcf7bcd449f8de75cae7a45083"},
    {file = "pytokens-0.4.1-cp312-cp312-manylinux2014_aarch64.manylinux_2_17_aarch64.manylinux_2_28_aarch64.whl", hash = "sha256:6d6c4268598f762bc8e91f5dbf2ab2f61f7b95bdc07953b602db879b3c8c18e1"},
    {file = "pytokens-0.4.1-cp312-cp312-manylinux2014_x86_64.manylinux_2_17_x86_64.manylinux_2_28_x86_64.whl", hash = "sha256:24afde1f53d95348b5a0eb19488661147285ca4dd7ed752bbc3e1c6242a304d1"},
    {file = "pytokens-0.4.1-cp312-cp312-musllinux_1_2_x86_64.whl", hash = "sha256:5ad948d085ed6c16413eb5fec6b3e02fa00dc29a2534f088d3302c47eb59adf9"},
    {file = "pytokens-0.4.1-cp312-cp312-win_amd64.whl", hash = "sha256:3f901fe783e06e48e8cbdc82d631fca8f118333798193e026a50ce1b3757ea68"},
    {file = "pytokens-0.4.1-cp313-cp313-macosx_11_0_arm64.whl", hash = "sha256:8bdb9d0ce90cbf99c525e75a2fa415144fd570a1ba987380190e8b786bc6ef9b"},
    {file = "pytokens-0.4.1-cp313-cp313-manylinux2014_aarch64.manylinux_2_17_aarch64.manylinux_2_28_aarch64.whl", hash = "sha256:5502408cab1cb18e128570f8d598981c68a50d0cbd7c61312a90507cd3a1276f"},
    {file = "pytokens-0.4.1-cp313-cp313-manylinux2014_x86_64.manylinux_2_17_x86_64.manylinux_2_28_x86_64.whl", hash = "sha256:29d1d8fb1030af4d231789959f21821ab6325e463f0503a61d204343c9b355d1"},
    {file = "pytokens-0.4.1-cp313-cp313-musllinux_1_2_x86_64.whl", hash = "sha256:970b08dd6b86058b6dc07efe9e98414f5102974716232d10f32ff39701e841c4"},
    {file = "pytokens-0.4.1-cp313-cp313-win_amd64.whl", hash = "sha256:9bd7d7f544d362576be74f9d5901a22f317efc20046efe2034dced238cbbfe78"},
    {file = "pytokens-0.4.1-cp314-cp314-macosx_11_0_arm64.whl", hash = "sha256:4a14d5f5fc78ce85e426aa159489e2d5961acf0e47575e08f35584009178e321"},
    {file = "pytokens-0.4.1-cp314-cp314-manylinux2014_aarch64.manylinux_2_17_aarch64.manylinux_2_28_aarch64.whl", hash = "sha256:97f50fd18543be72da51dd505e2ed20d2228c74e0464e4262e4899797803d7fa"},
    {file = "pytokens-0.4.1-cp314-cp314-manylinux2014_x86_64.manylinux_2_17_x86_64.manylinux_2_28_x86_64.whl", hash = "sha256:dc74c035f9bfca0255c1af77ddd2d6ae8419012805453e4b0e7513e17904545d"},
    {file = "pytokens-0.4.1-cp314-cp314-musllinux_1_2_x86_64.whl", hash = "sha256:f66a6bbe741bd431f6d741e617e0f39ec7257ca1f89089593479347cc4d13324"},
    {file = "pytokens-0.4.1-cp314-cp314-win_amd64.whl", hash = "sha256:b35d7e5ad269804f6697727702da3c517bb8a5228afa450ab0fa787732055fc9"},
    {file = "pytokens-0.4.1-cp314-cp314t-macosx_11_0_arm64.whl", hash = "sha256:8fcb9ba3709ff77e77f1c7022ff11d13553f3c30299a9fe246a166903e9091eb"},
    {file = "pytokens-0.4.1-cp314-cp314t-manylinux2014_aarch64.manylinux_2_17_aarch64.manylinux_2_28_aarch64.whl", hash = "sha256:79fc6b8699564e1f9b521582c35435f1bd32dd06822322ec44afdeba666d8cb3"},
    {file = "pytokens-0.4.1-cp314-cp314t-manylinux2014_x86_64.manylinux_2_17_x86_64.manylinux_2_28_x86_64.whl", hash = "sha256:d31b97b3de0f61571a124a00ffe9a81fb9939146c122c11060725bd5aea79975"},
    {file = "pytokens-0.4.1-cp314-cp314t-musllinux_1_2_x86_64.whl", hash = "sha256:967cf6e3fd4adf7de8fc73cd3043754ae79c36475c1c11d514fc72cf5490094a"},
    {file = "pytokens-0.4.1-cp314-cp314t-win_amd64.whl", hash = "sha256:584c80c24b078eec1e227079d56dc22ff755e0ba8654d8383b2c549107528918"},
    {file = "pytokens-0.4.1-py3-none-any.whl", hash = "sha256:26cef14744a8385f35d0e095dc8b3a7583f6c953c2e3d269c7f82484bf5ad2de"},
    {file = "pytokens-0.4.1.tar.gz", hash = "sha256:292052fe80923aae2260c073f822ceba21f3872ced9a68bb7953b348e561179a"},
]

[[package]]
name = "qbittorrent-api"
version = "2026.5.1"
requires_python = ">=3.9"
summary = "Python client for qBittorrent v4.1+ Web API."
dependencies = [
    "packaging",
    "requests>=2.16.0",
    "urllib3>=1.24.2",
]
files = [
    {file = "qbittorrent_api-2026.5.1-py3-none-any.whl", hash = "sha256:904dd74be5bf42e5bb08a814c19c61eb05aeb39ca6a241bb439c5da4df600ff0"},
    {file = "qbittorrent_api-2026.5.1.tar.gz", hash = "sha256:a42c120feab9bea87f592c60e22db42c1450bfc247504b41ce83730bdc7a0b5b"},
]

[[package]]
name = "requests"
version = "2.32.3"
requires_python = ">=3.8"
summary = "Python HTTP for Humans."
dependencies = [
    "certifi>=2017.4.17",
    "charset-normalizer<4,>=2",
    "idna<4,>=2.5",
    "urllib3<3,>=1.21.1",
]
files = [
    {file = "requests-2.32.3-py3-none-any.whl", hash = "sha256:70761cfe03c773ceb22aa2f671b4757976145175cdfca038c02654d061d6dcc6"},
    {file = "requests-2.32.3.tar.gz", hash = "sha256:55365417734eb18255590a9ff9eb97e9e1da868d4ccd6402399eaf68af20a760"},
]

[[package]]
name = "ruff"
version = "0.15.14"
requires_python = ">=3.7"
summary = "An extremely fast Python linter and code formatter, written in Rust."
files = [
    {file = "ruff-0.15.14-py3-none-linux_armv6l.whl", hash = "sha256:8dd2db9416e487c8d4b01fa7056bb02c4d05969d4f8d17a08c229c2f4ff3c108"},
    {file = "ruff-0.15.14-py3-none-macosx_10_12_x86_64.whl", hash = "sha256:be4ff55af755bd71a00ab3dc6bd7ffc467bd76e0df6881e286c2e3d23e8fb43b"},
    {file = "ruff-0.15.14-py3-none-macosx_11_0_arm64.whl", hash = "sha256:48d5909d7d06276ce7dde6d32bfa4b0d4cb2651145cd8ee4b440722cbc77832f"},
    {file = "ruff-0.15.14-py3-none-manylinux_2_17_aarch64.manylinux2014_aarch64.whl", hash = "sha256:ca8cbfa94c4f90984a67561978602746d4cd27103568f745fa90eee3f0d4107d"},
    {file = "ruff-0.15.14-py3-none-manylinux_2_17_armv7l.manylinux2014_armv7l.whl", hash = "sha256:9a6bbc0333f1ab053423bcbf6226477d266ca7cec7738c4c8e3f55647803f3c4"},
    {file = "ruff-0.15.14-py3-none-manylinux_2_17_i686.manylinux2014_i686.whl", hash = "sha256:8a24a4f7605d7003a6674d4387651effd939dead3fddd0f36561eb77a9a2e542"},
    {file = "ruff-0.15.14-py3-none-manylinux_2_17_ppc64le.manylinux2014_ppc64le.whl", hash = "sha256:049b5326e53ed80978f2fc041a280603f69dd6b0c95464342a2bb4572d9d9e2f"},
    {file = "ruff-0.15.14-py3-none-manylinux_2_17_s390x.manylinux2014_s390x.whl", hash = "sha256:d4ed42e6696c8dfa5f06728e6441993901f548eb92d73bc472cb5a38d1395fbf"},
    {file = "ruff-0.15.14-py3-none-manylinux_2_17_x86_64.manylinux2014_x86_64.whl", hash = "sha256:715c543cf450c4888251f91c52f1942a800541d9bddd7ac060aa4e6b77ae7cba"},
    {file = "ruff-0.15.14-py3-none-manylinux_2_31_riscv64.whl", hash = "sha256:72ebab6013ec887d439d8b7593737a0a4ffb06d45d209d4e4bf2e92813082d3f"},
    {file = "ruff-0.15.14-py3-none-musllinux_1_2_aarch64.whl", hash = "sha256:49072d36abdbe97a8dd7f480afe9c675699c0c495d4c84076e2c1203c4550581"},
    {file = "ruff-0.15.14-py3-none-musllinux_1_2_armv7l.whl", hash = "sha256:958522aee105068640c2c2ceae08f413ae44d922f52a1374ac13d6a96032fc93"},
    {file = "ruff-0.15.14-py3-none-musllinux_1_2_i686.whl", hash = "sha256:f3707da619a143a2e8830e2abab8224478d69ace2d28cb6c20543ae97c36bf61"},
    {file = "ruff-0.15.14-py3-none-musllinux_1_2_x86_64.whl", hash = "sha256:bb01d645694e3ec0102105d07ef2d53703970407d59c04e59d3ba0b7a1d53553"},
    {file = "ruff-0.15.14-py3-none-win32.whl", hash = "sha256:6d0c1ad2a0ab718d39b6d8fd2217981ce4d625cd96a720095f798fb47d8b13e6"},
    {file = "ruff-0.15.14-py3-none-win_amd64.whl", hash = "sha256:802342981e056db3851a7836e5b070f8f15f67d4a685ae2a6160939d364b2902"},
    {file = "ruff-0.15.14-py3-none-win_arm64.whl", hash = "sha256:ff47b90a9ef6a40c9e2f3b479c1fb78531adf055b94c1eba0a7ba04b31951826"},
    {file = "ruff-0.15.14.tar.gz", hash = "sha256:48e866b165be4a9bdbf310f7d3c9a07edef2fe8cd63ffeb4e00bb590506ebf9f"},
]

[[package]]
name = "urllib3"
version = "2.2.3"
requires_python = ">=3.8"
summary = "HTTP library with thread-safe connection pooling, file post, and more."
files = [
    {file = "urllib3-2.2.3-py3-none-any.whl", hash = "sha256:ca899ca043dcb1bafa3e262d73aa25c465bfb49e0bd9dd5d59f1d0acba2f8fac"},
    {file = "urllib3-2.2.3.tar.gz", hash = "sha256:e7d814a81dad81e6caf2ec9fdedb284ecc9c73076b62654547cc64ccdcae26e9"},
]
